
Microsoft Visual Studio Solution File, Format Version 12.00
# Visual Studio 14
VisualStudioVersion = 14.0.25420.1
MinimumVisualStudioVersion = 10.0.40219.1
Project("{FAE04EC0-301F-11D3-BF4B-00C04F79EFBC}") = "GraphPlotter", "GraphPlotter\GraphPlotter.csproj", "{4C7CCF2B-A3AF-4035-88FA-2E449321BC81}"
EndProject
Project("{FAE04EC0-301F-11D3-BF4B-00C04F79EFBC}") = "ExpressionPlotterControl", "..\ExpressionPlotterControl\ExpressionPlotterControl\ExpressionPlotterControl.csproj", "{523E68CB-7636-4729-B5AF-7FF1FAA60F23}"
EndProject
Global
	GlobalSection(SolutionConfigurationPlatforms) = preSolution
		Debug|Any CPU = Debug|Any CPU
		Release|Any CPU = Release|Any CPU
	EndGlobalSection
	GlobalSection(ProjectConfigurationPlatforms) = postSolution
		{4C7CCF2B-A3AF-4035-88FA-2E449321BC81}.Debug|Any CPU.ActiveCfg = Debug|Any CPU
		{4C7CCF2B-A3AF-4035-88FA-2E449321BC81}.Debug|Any CPU.Build.0 = Debug|Any CPU
		{4C7CCF2B-A3AF-4035-88FA-2E449321BC81}.Release|Any CPU.ActiveCfg = Release|Any CPU
		{4C7CCF2B-A3AF-4035-88FA-2E449321BC81}.Release|Any CPU.Build.0 = Release|Any CPU
		{523E68CB-7636-4729-B5AF-7FF1FAA60F23}.Debug|Any CPU.ActiveCfg = Debug|Any CPU
		{523E68CB-7636-4729-B5AF-7FF1FAA60F23}.Debug|Any CPU.Build.0 = Debug|Any CPU
		{523E68CB-7636-4729-B5AF-7FF1FAA60F23}.Release|Any CPU.ActiveCfg = Release|Any CPU
		{523E68CB-7636-4729-B5AF-7FF1FAA60F23}.Release|Any CPU.Build.0 = Release|Any CPU
	EndGlobalSection
	GlobalSection(SolutionProperties) = preSolution
		HideSolutionNode = FALSE
	EndGlobalSection
EndGlobal
